
Microsoft Visual Studio Solution File, Format Version 12.00
# Visual Studio Version 17
VisualStudioVersion = 17.3.32922.545
MinimumVisualStudioVersion = 10.0.40219.1
Project("{FAE04EC0-301F-11D3-BF4B-00C04F79EFBC}") = "SweetSaber", "SweetSaber\SweetSaber.csproj", "{04BE9FC5-87FA-4197-9A71-273ACEF6F9F8}"
EndProject
Global
	GlobalSection(SolutionConfigurationPlatforms) = preSolution
		Debug|Any CPU = Debug|Any CPU
		Release|Any CPU = Release|Any CPU
	EndGlobalSection
	GlobalSection(ProjectConfigurationPlatforms) = postSolution
		{04BE9FC5-87FA-4197-9A71-273ACEF6F9F8}.Debug|Any CPU.ActiveCfg = Debug|Any CPU
		{04BE9FC5-87FA-4197-9A71-273ACEF6F9F8}.Debug|Any CPU.Build.0 = Debug|Any CPU
		{04BE9FC5-87FA-4197-9A71-273ACEF6F9F8}.Release|Any CPU.ActiveCfg = Release|Any CPU
		{04BE9FC5-87FA-4197-9A71-273ACEF6F9F8}.Release|Any CPU.Build.0 = Release|Any CPU
	EndGlobalSection
	GlobalSection(SolutionProperties) = preSolution
		HideSolutionNode = FALSE
	EndGlobalSection
	GlobalSection(ExtensibilityGlobals) = postSolution
		SolutionGuid = {B9A62C1D-F022-4ECD-9AEA-36533A101B31}
	EndGlobalSection
EndGlobal
